// !$*UTF8*$!
{
	archiveVersion = 1;
	classes = {
	};
	objectVersion = 56;
	objects = {

/* Begin PBXBuildFile section */
		A10001 /* AxisApp.swift in Sources */ = {isa = PBXBuildFile; fileRef = A20001 /* AxisApp.swift */; };
		A10002 /* ContentView.swift in Sources */ = {isa = PBXBuildFile; fileRef = A20002 /* ContentView.swift */; };
		A10003 /* APIService.swift in Sources */ = {isa = PBXBuildFile; fileRef = A20003 /* APIService.swift */; };
		A10004 /* KeychainService.swift in Sources */ = {isa = PBXBuildFile; fileRef = A20004 /* KeychainService.swift */; };
		A10005 /* Assets.xcassets in Resources */ = {isa = PBXBuildFile; fileRef = A20005 /* Assets.xcassets */; };
		A10006 /* Preview Assets.xcassets in Resources */ = {isa = PBXBuildFile; fileRef = A20006 /* Preview Assets.xcassets */; };
		A10007 /* AxisModels.swift in Sources */ = {isa = PBXBuildFile; fileRef = A20007 /* AxisModels.swift */; };
		A10008 /* SignInView.swift in Sources */ = {isa = PBXBuildFile; fileRef = A20008 /* SignInView.swift */; };
		A10009 /* ThreadView.swift in Sources */ = {isa = PBXBuildFile; fileRef = A20009 /* ThreadView.swift */; };
		A10010 /* SignalView.swift in Sources */ = {isa = PBXBuildFile; fileRef = A20010 /* SignalView.swift */; };
		A10011 /* BrainDumpView.swift in Sources */ = {isa = PBXBuildFile; fileRef = A20011 /* BrainDumpView.swift */; };
		A10012 /* SkillsView.swift in Sources */ = {isa = PBXBuildFile; fileRef = A20012 /* SkillsView.swift */; };
		A10013 /* BriefView.swift in Sources */ = {isa = PBXBuildFile; fileRef = A20013 /* BriefView.swift */; };
		A10014 /* SettingsView.swift in Sources */ = {isa = PBXBuildFile; fileRef = A20014 /* SettingsView.swift */; };
		A10015 /* ApprenticeView.swift in Sources */ = {isa = PBXBuildFile; fileRef = A20015 /* ApprenticeView.swift */; };
		A10016 /* ClerkKit in Frameworks */ = {isa = PBXBuildFile; productRef = B10001 /* ClerkKit */; };
		A10017 /* ViewExtensions.swift in Sources */ = {isa = PBXBuildFile; fileRef = A20017 /* ViewExtensions.swift */; };
		A10018 /* Colors.swift in Sources */ = {isa = PBXBuildFile; fileRef = A20018 /* Colors.swift */; };
		A10019 /* Typography.swift in Sources */ = {isa = PBXBuildFile; fileRef = A20019 /* Typography.swift */; };
		A10020 /* Spacing.swift in Sources */ = {isa = PBXBuildFile; fileRef = A20020 /* Spacing.swift */; };
		A10021 /* AxisCard.swift in Sources */ = {isa = PBXBuildFile; fileRef = A20021 /* AxisCard.swift */; };
		A10022 /* AxisTag.swift in Sources */ = {isa = PBXBuildFile; fileRef = A20022 /* AxisTag.swift */; };
		A10023 /* AxisButton.swift in Sources */ = {isa = PBXBuildFile; fileRef = A20023 /* AxisButton.swift */; };
		A10024 /* AxisTextField.swift in Sources */ = {isa = PBXBuildFile; fileRef = A20024 /* AxisTextField.swift */; };
		A10025 /* AxisMark.swift in Sources */ = {isa = PBXBuildFile; fileRef = A20025 /* AxisMark.swift */; };
		A10026 /* AxisDivider.swift in Sources */ = {isa = PBXBuildFile; fileRef = A20026 /* AxisDivider.swift */; };
		A10027 /* MainTabView.swift in Sources */ = {isa = PBXBuildFile; fileRef = A20027 /* MainTabView.swift */; };
		A10028 /* SidebarView.swift in Sources */ = {isa = PBXBuildFile; fileRef = A20028 /* SidebarView.swift */; };
		A10029 /* SituationView.swift in Sources */ = {isa = PBXBuildFile; fileRef = A20029 /* SituationView.swift */; };
		A10030 /* OnboardingFlow.swift in Sources */ = {isa = PBXBuildFile; fileRef = A20030 /* OnboardingFlow.swift */; };
		A10031 /* Step1Welcome.swift in Sources */ = {isa = PBXBuildFile; fileRef = A20031 /* Step1Welcome.swift */; };
		A10032 /* Step2Capture.swift in Sources */ = {isa = PBXBuildFile; fileRef = A20032 /* Step2Capture.swift */; };
		A10033 /* Step3Connect.swift in Sources */ = {isa = PBXBuildFile; fileRef = A20033 /* Step3Connect.swift */; };
		A10034 /* Step4Permissions.swift in Sources */ = {isa = PBXBuildFile; fileRef = A20034 /* Step4Permissions.swift */; };
		A10035 /* Step5Ready.swift in Sources */ = {isa = PBXBuildFile; fileRef = A20035 /* Step5Ready.swift */; };
/* End PBXBuildFile section */

/* Begin PBXFileReference section */
		A20001 /* AxisApp.swift */ = {isa = PBXFileReference; lastKnownFileType = sourcecode.swift; path = AxisApp.swift; sourceTree = "<group>"; };
		A20002 /* ContentView.swift */ = {isa = PBXFileReference; lastKnownFileType = sourcecode.swift; path = ContentView.swift; sourceTree = "<group>"; };
		A20003 /* APIService.swift */ = {isa = PBXFileReference; lastKnownFileType = sourcecode.swift; path = APIService.swift; sourceTree = "<group>"; };
		A20004 /* KeychainService.swift */ = {isa = PBXFileReference; lastKnownFileType = sourcecode.swift; path = KeychainService.swift; sourceTree = "<group>"; };
		A20005 /* Assets.xcassets */ = {isa = PBXFileReference; lastKnownFileType = folder.assetcatalog; path = Assets.xcassets; sourceTree = "<group>"; };
		A20006 /* Preview Assets.xcassets */ = {isa = PBXFileReference; lastKnownFileType = folder.assetcatalog; path = "Preview Assets.xcassets"; sourceTree = "<group>"; };
		A20007 /* AxisModels.swift */ = {isa = PBXFileReference; lastKnownFileType = sourcecode.swift; path = AxisModels.swift; sourceTree = "<group>"; };
		A20008 /* SignInView.swift */ = {isa = PBXFileReference; lastKnownFileType = sourcecode.swift; path = SignInView.swift; sourceTree = "<group>"; };
		A20009 /* ThreadView.swift */ = {isa = PBXFileReference; lastKnownFileType = sourcecode.swift; path = ThreadView.swift; sourceTree = "<group>"; };
		A20010 /* SignalView.swift */ = {isa = PBXFileReference; lastKnownFileType = sourcecode.swift; path = SignalView.swift; sourceTree = "<group>"; };
		A20011 /* BrainDumpView.swift */ = {isa = PBXFileReference; lastKnownFileType = sourcecode.swift; path = BrainDumpView.swift; sourceTree = "<group>"; };
		A20012 /* SkillsView.swift */ = {isa = PBXFileReference; lastKnownFileType = sourcecode.swift; path = SkillsView.swift; sourceTree = "<group>"; };
		A20013 /* BriefView.swift */ = {isa = PBXFileReference; lastKnownFileType = sourcecode.swift; path = BriefView.swift; sourceTree = "<group>"; };
		A20014 /* SettingsView.swift */ = {isa = PBXFileReference; lastKnownFileType = sourcecode.swift; path = SettingsView.swift; sourceTree = "<group>"; };
		A20015 /* ApprenticeView.swift */ = {isa = PBXFileReference; lastKnownFileType = sourcecode.swift; path = ApprenticeView.swift; sourceTree = "<group>"; };
		A20017 /* ViewExtensions.swift */ = {isa = PBXFileReference; lastKnownFileType = sourcecode.swift; path = ViewExtensions.swift; sourceTree = "<group>"; };
		A20018 /* Colors.swift */ = {isa = PBXFileReference; lastKnownFileType = sourcecode.swift; path = Colors.swift; sourceTree = "<group>"; };
		A20019 /* Typography.swift */ = {isa = PBXFileReference; lastKnownFileType = sourcecode.swift; path = Typography.swift; sourceTree = "<group>"; };
		A20020 /* Spacing.swift */ = {isa = PBXFileReference; lastKnownFileType = sourcecode.swift; path = Spacing.swift; sourceTree = "<group>"; };
		A20021 /* AxisCard.swift */ = {isa = PBXFileReference; lastKnownFileType = sourcecode.swift; path = AxisCard.swift; sourceTree = "<group>"; };
		A20022 /* AxisTag.swift */ = {isa = PBXFileReference; lastKnownFileType = sourcecode.swift; path = AxisTag.swift; sourceTree = "<group>"; };
		A20023 /* AxisButton.swift */ = {isa = PBXFileReference; lastKnownFileType = sourcecode.swift; path = AxisButton.swift; sourceTree = "<group>"; };
		A20024 /* AxisTextField.swift */ = {isa = PBXFileReference; lastKnownFileType = sourcecode.swift; path = AxisTextField.swift; sourceTree = "<group>"; };
		A20025 /* AxisMark.swift */ = {isa = PBXFileReference; lastKnownFileType = sourcecode.swift; path = AxisMark.swift; sourceTree = "<group>"; };
		A20026 /* AxisDivider.swift */ = {isa = PBXFileReference; lastKnownFileType = sourcecode.swift; path = AxisDivider.swift; sourceTree = "<group>"; };
		A20027 /* MainTabView.swift */ = {isa = PBXFileReference; lastKnownFileType = sourcecode.swift; path = MainTabView.swift; sourceTree = "<group>"; };
		A20028 /* SidebarView.swift */ = {isa = PBXFileReference; lastKnownFileType = sourcecode.swift; path = SidebarView.swift; sourceTree = "<group>"; };
		A20029 /* SituationView.swift */ = {isa = PBXFileReference; lastKnownFileType = sourcecode.swift; path = SituationView.swift; sourceTree = "<group>"; };
		A20030 /* OnboardingFlow.swift */ = {isa = PBXFileReference; lastKnownFileType = sourcecode.swift; path = OnboardingFlow.swift; sourceTree = "<group>"; };
		A20031 /* Step1Welcome.swift */ = {isa = PBXFileReference; lastKnownFileType = sourcecode.swift; path = Step1Welcome.swift; sourceTree = "<group>"; };
		A20032 /* Step2Capture.swift */ = {isa = PBXFileReference; lastKnownFileType = sourcecode.swift; path = Step2Capture.swift; sourceTree = "<group>"; };
		A20033 /* Step3Connect.swift */ = {isa = PBXFileReference; lastKnownFileType = sourcecode.swift; path = Step3Connect.swift; sourceTree = "<group>"; };
		A20034 /* Step4Permissions.swift */ = {isa = PBXFileReference; lastKnownFileType = sourcecode.swift; path = Step4Permissions.swift; sourceTree = "<group>"; };
		A20035 /* Step5Ready.swift */ = {isa = PBXFileReference; lastKnownFileType = sourcecode.swift; path = Step5Ready.swift; sourceTree = "<group>"; };
		A30001 /* Axis.app */ = {isa = PBXFileReference; explicitFileType = wrapper.application; includeInIndex = 0; path = Axis.app; sourceTree = BUILT_PRODUCTS_DIR; };
/* End PBXFileReference section */

/* Begin PBXFrameworksBuildPhase section */
		A40001 /* Frameworks */ = {
			isa = PBXFrameworksBuildPhase;
			buildActionMask = 2147483647;
			files = (
				A10016 /* ClerkKit in Frameworks */,
			);
			runOnlyForDeploymentPostprocessing = 0;
		};
/* End PBXFrameworksBuildPhase section */

/* Begin PBXGroup section */
		A50000 = {
			isa = PBXGroup;
			children = (
				A50001 /* Axis */,
				A50003 /* Products */,
			);
			sourceTree = "<group>";
		};
		A50001 /* Axis */ = {
			isa = PBXGroup;
			children = (
				A20001 /* AxisApp.swift */,
				A20002 /* ContentView.swift */,
				A50009 /* DesignSystem */,
				A50011 /* Navigation */,
				A50005 /* Models */,
				A50002 /* Services */,
				A50006 /* Views */,
				A20005 /* Assets.xcassets */,
				A50004 /* Preview Content */,
			);
			path = Axis;
			sourceTree = "<group>";
		};
		A50002 /* Services */ = {
			isa = PBXGroup;
			children = (
				A20003 /* APIService.swift */,
				A20004 /* KeychainService.swift */,
			);
			path = Services;
			sourceTree = "<group>";
		};
		A50003 /* Products */ = {
			isa = PBXGroup;
			children = (
				A30001 /* Axis.app */,
			);
			name = Products;
			sourceTree = "<group>";
		};
		A50004 /* Preview Content */ = {
			isa = PBXGroup;
			children = (
				A20006 /* Preview Assets.xcassets */,
			);
			path = "Preview Content";
			sourceTree = "<group>";
		};
		A50005 /* Models */ = {
			isa = PBXGroup;
			children = (
				A20007 /* AxisModels.swift */,
			);
			path = Models;
			sourceTree = "<group>";
		};
		A50006 /* Views */ = {
			isa = PBXGroup;
			children = (
				A20017 /* ViewExtensions.swift */,
				A50007 /* Auth */,
				A50008 /* Main */,
				A50012 /* Onboarding */,
			);
			path = Views;
			sourceTree = "<group>";
		};
		A50007 /* Auth */ = {
			isa = PBXGroup;
			children = (
				A20008 /* SignInView.swift */,
			);
			path = Auth;
			sourceTree = "<group>";
		};
		A50012 /* Onboarding */ = {
			isa = PBXGroup;
			children = (
				A20030 /* OnboardingFlow.swift */,
				A20031 /* Step1Welcome.swift */,
				A20032 /* Step2Capture.swift */,
				A20033 /* Step3Connect.swift */,
				A20034 /* Step4Permissions.swift */,
				A20035 /* Step5Ready.swift */,
			);
			path = Onboarding;
			sourceTree = "<group>";
		};
		A50008 /* Main */ = {
			isa = PBXGroup;
			children = (
				A20009 /* ThreadView.swift */,
				A20010 /* SignalView.swift */,
				A20011 /* BrainDumpView.swift */,
				A20012 /* SkillsView.swift */,
				A20013 /* BriefView.swift */,
				A20014 /* SettingsView.swift */,
				A20015 /* ApprenticeView.swift */,
				A20029 /* SituationView.swift */,
			);
			path = Main;
			sourceTree = "<group>";
		};
		A50009 /* DesignSystem */ = {
			isa = PBXGroup;
			children = (
				A20018 /* Colors.swift */,
				A20019 /* Typography.swift */,
				A20020 /* Spacing.swift */,
				A50010 /* Components */,
			);
			path = DesignSystem;
			sourceTree = "<group>";
		};
		A50011 /* Navigation */ = {
			isa = PBXGroup;
			children = (
				A20027 /* MainTabView.swift */,
				A20028 /* SidebarView.swift */,
			);
			path = Navigation;
			sourceTree = "<group>";
		};
		A50010 /* Components */ = {
			isa = PBXGroup;
			children = (
				A20021 /* AxisCard.swift */,
				A20022 /* AxisTag.swift */,
				A20023 /* AxisButton.swift */,
				A20024 /* AxisTextField.swift */,
				A20025 /* AxisMark.swift */,
				A20026 /* AxisDivider.swift */,
			);
			path = Components;
			sourceTree = "<group>";
		};
/* End PBXGroup section */

/* Begin PBXNativeTarget section */
		A60001 /* Axis */ = {
			isa = PBXNativeTarget;
			buildConfigurationList = A80001 /* Build configuration list for PBXNativeTarget "Axis" */;
			buildPhases = (
				A70001 /* Sources */,
				A40001 /* Frameworks */,
				A70002 /* Resources */,
			);
			buildRules = (
			);
			dependencies = (
			);
			name = Axis;
			packageProductDependencies = (
				B10001 /* ClerkKit */,
			);
			productName = Axis;
			productReference = A30001 /* Axis.app */;
			productType = "com.apple.product-type.application";
		};
/* End PBXNativeTarget section */

/* Begin PBXProject section */
		A00001 /* Project object */ = {
			isa = PBXProject;
			attributes = {
				BuildIndependentTargetsInParallel = 1;
				LastSwiftUpdateCheck = 1620;
				LastUpgradeCheck = 2640;
				TargetAttributes = {
					A60001 = {
						CreatedOnToolsVersion = 16.2;
					};
				};
			};
			buildConfigurationList = A80003 /* Build configuration list for PBXProject "Axis" */;
			compatibilityVersion = "Xcode 14.0";
			developmentRegion = en;
			hasScannedForEncodings = 0;
			knownRegions = (
				en,
				Base,
			);
			mainGroup = A50000;
			packageReferences = (
				B00001 /* XCRemoteSwiftPackageReference "clerk-ios" */,
			);
			productRefGroup = A50003 /* Products */;
			projectDirPath = "";
			projectRoot = "";
			targets = (
				A60001 /* Axis */,
			);
		};
/* End PBXProject section */

/* Begin PBXResourcesBuildPhase section */
		A70002 /* Resources */ = {
			isa = PBXResourcesBuildPhase;
			buildActionMask = 2147483647;
			files = (
				A10005 /* Assets.xcassets in Resources */,
				A10006 /* Preview Assets.xcassets in Resources */,
			);
			runOnlyForDeploymentPostprocessing = 0;
		};
/* End PBXResourcesBuildPhase section */

/* Begin PBXSourcesBuildPhase section */
		A70001 /* Sources */ = {
			isa = PBXSourcesBuildPhase;
			buildActionMask = 2147483647;
			files = (
				A10001 /* AxisApp.swift in Sources */,
				A10002 /* ContentView.swift in Sources */,
				A10003 /* APIService.swift in Sources */,
				A10004 /* KeychainService.swift in Sources */,
				A10007 /* AxisModels.swift in Sources */,
				A10008 /* SignInView.swift in Sources */,
				A10009 /* ThreadView.swift in Sources */,
				A10010 /* SignalView.swift in Sources */,
				A10011 /* BrainDumpView.swift in Sources */,
				A10012 /* SkillsView.swift in Sources */,
				A10013 /* BriefView.swift in Sources */,
				A10014 /* SettingsView.swift in Sources */,
				A10015 /* ApprenticeView.swift in Sources */,
				A10017 /* ViewExtensions.swift in Sources */,
				A10018 /* Colors.swift in Sources */,
				A10019 /* Typography.swift in Sources */,
				A10020 /* Spacing.swift in Sources */,
				A10021 /* AxisCard.swift in Sources */,
				A10022 /* AxisTag.swift in Sources */,
				A10023 /* AxisButton.swift in Sources */,
				A10024 /* AxisTextField.swift in Sources */,
				A10025 /* AxisMark.swift in Sources */,
				A10026 /* AxisDivider.swift in Sources */,
				A10027 /* MainTabView.swift in Sources */,
				A10028 /* SidebarView.swift in Sources */,
				A10029 /* SituationView.swift in Sources */,
				A10030 /* OnboardingFlow.swift in Sources */,
				A10031 /* Step1Welcome.swift in Sources */,
				A10032 /* Step2Capture.swift in Sources */,
				A10033 /* Step3Connect.swift in Sources */,
				A10034 /* Step4Permissions.swift in Sources */,
				A10035 /* Step5Ready.swift in Sources */,
			);
			runOnlyForDeploymentPostprocessing = 0;
		};
/* End PBXSourcesBuildPhase section */

/* Begin XCBuildConfiguration section */
		A90001 /* Debug */ = {
			isa = XCBuildConfiguration;
			buildSettings = {
				ASSETCATALOG_COMPILER_APPICON_NAME = AppIcon;
				ASSETCATALOG_COMPILER_GLOBAL_ACCENT_COLOR_NAME = AccentColor;
				CODE_SIGN_STYLE = Automatic;
				CURRENT_PROJECT_VERSION = 1;
				DEVELOPMENT_ASSET_PATHS = "\"Axis/Preview Content\"";
				ENABLE_PREVIEWS = YES;
				GENERATE_INFOPLIST_FILE = YES;
				INFOPLIST_KEY_UIApplicationSceneManifest_Generation = YES;
				INFOPLIST_KEY_UIApplicationSupportsIndirectInputEvents = YES;
				INFOPLIST_KEY_UILaunchScreen_Generation = YES;
				INFOPLIST_KEY_UISupportedInterfaceOrientations_iPad = "UIInterfaceOrientationPortrait UIInterfaceOrientationPortraitUpsideDown UIInterfaceOrientationLandscapeLeft UIInterfaceOrientationLandscapeRight";
				INFOPLIST_KEY_UISupportedInterfaceOrientations_iPhone = "UIInterfaceOrientationPortrait UIInterfaceOrientationLandscapeLeft UIInterfaceOrientationLandscapeRight";
				IPHONEOS_DEPLOYMENT_TARGET = 17.0;
				LD_RUNPATH_SEARCH_PATHS = (
					"$(inherited)",
					"@executable_path/Frameworks",
				);
				MARKETING_VERSION = 1.0;
				PRODUCT_BUNDLE_IDENTIFIER = com.dreyco.axis;
				PRODUCT_NAME = "$(TARGET_NAME)";
				SWIFT_EMIT_LOC_STRINGS = YES;
				SWIFT_VERSION = 5.0;
				TARGETED_DEVICE_FAMILY = "1,2";
			};
			name = Debug;
		};
		A90002 /* Release */ = {
			isa = XCBuildConfiguration;
			buildSettings = {
				ASSETCATALOG_COMPILER_APPICON_NAME = AppIcon;
				ASSETCATALOG_COMPILER_GLOBAL_ACCENT_COLOR_NAME = AccentColor;
				CODE_SIGN_STYLE = Automatic;
				CURRENT_PROJECT_VERSION = 1;
				DEVELOPMENT_ASSET_PATHS = "\"Axis/Preview Content\"";
				ENABLE_PREVIEWS = YES;
				GENERATE_INFOPLIST_FILE = YES;
				INFOPLIST_KEY_UIApplicationSceneManifest_Generation = YES;
				INFOPLIST_KEY_UIApplicationSupportsIndirectInputEvents = YES;
				INFOPLIST_KEY_UILaunchScreen_Generation = YES;
				INFOPLIST_KEY_UISupportedInterfaceOrientations_iPad = "UIInterfaceOrientationPortrait UIInterfaceOrientationPortraitUpsideDown UIInterfaceOrientationLandscapeLeft UIInterfaceOrientationLandscapeRight";
				INFOPLIST_KEY_UISupportedInterfaceOrientations_iPhone = "UIInterfaceOrientationPortrait UIInterfaceOrientationLandscapeLeft UIInterfaceOrientationLandscapeRight";
				IPHONEOS_DEPLOYMENT_TARGET = 17.0;
				LD_RUNPATH_SEARCH_PATHS = (
					"$(inherited)",
					"@executable_path/Frameworks",
				);
				MARKETING_VERSION = 1.0;
				PRODUCT_BUNDLE_IDENTIFIER = com.dreyco.axis;
				PRODUCT_NAME = "$(TARGET_NAME)";
				SWIFT_EMIT_LOC_STRINGS = YES;
				SWIFT_VERSION = 5.0;
				TARGETED_DEVICE_FAMILY = "1,2";
			};
			name = Release;
		};
		A90003 /* Debug */ = {
			isa = XCBuildConfiguration;
			buildSettings = {
				ALWAYS_SEARCH_USER_PATHS = NO;
				ASSETCATALOG_COMPILER_GENERATE_SWIFT_ASSET_SYMBOL_EXTENSIONS = YES;
				CLANG_ANALYZER_NONNULL = YES;
				CLANG_ANALYZER_NUMBER_OBJECT_CONVERSION = YES_AGGRESSIVE;
				CLANG_CXX_LANGUAGE_STANDARD = "gnu++20";
				CLANG_ENABLE_MODULES = YES;
				CLANG_ENABLE_OBJC_ARC = YES;
				CLANG_ENABLE_OBJC_WEAK = YES;
				CLANG_WARN_BLOCK_CAPTURE_AUTORELEASING = YES;
				CLANG_WARN_BOOL_CONVERSION = YES;
				CLANG_WARN_COMMA = YES;
				CLANG_WARN_CONSTANT_CONVERSION = YES;
				CLANG_WARN_DEPRECATED_OBJC_IMPLEMENTATIONS = YES;
				CLANG_WARN_DIRECT_OBJC_ISA_USAGE = YES_ERROR;
				CLANG_WARN_DOCUMENTATION_COMMENTS = YES;
				CLANG_WARN_EMPTY_BODY = YES;
				CLANG_WARN_ENUM_CONVERSION = YES;
				CLANG_WARN_INFINITE_RECURSION = YES;
				CLANG_WARN_INT_CONVERSION = YES;
				CLANG_WARN_NON_LITERAL_NULL_CONVERSION = YES;
				CLANG_WARN_OBJC_IMPLICIT_RETAIN_SELF = YES;
				CLANG_WARN_OBJC_LITERAL_CONVERSION = YES;
				CLANG_WARN_OBJC_ROOT_CLASS = YES_ERROR;
				CLANG_WARN_QUOTED_INCLUDE_IN_FRAMEWORK_HEADER = YES;
				CLANG_WARN_RANGE_LOOP_ANALYSIS = YES;
				CLANG_WARN_STRICT_PROTOTYPES = YES;
				CLANG_WARN_SUSPICIOUS_MOVE = YES;
				CLANG_WARN_UNGUARDED_AVAILABILITY = YES_AGGRESSIVE;
				CLANG_WARN_UNREACHABLE_CODE = YES;
				CLANG_WARN__DUPLICATE_METHOD_MATCH = YES;
				COPY_PHASE_STRIP = NO;
				DEBUG_INFORMATION_FORMAT = dwarf;
				DEVELOPMENT_TEAM = 9FF8U5M339;
				ENABLE_STRICT_OBJC_MSGSEND = YES;
				ENABLE_TESTABILITY = YES;
				ENABLE_USER_SCRIPT_SANDBOXING = YES;
				GCC_C_LANGUAGE_STANDARD = gnu17;
				GCC_DYNAMIC_NO_PIC = NO;
				GCC_NO_COMMON_BLOCKS = YES;
				GCC_OPTIMIZATION_LEVEL = 0;
				GCC_PREPROCESSOR_DEFINITIONS = (
					"DEBUG=1",
					"$(inherited)",
				);
				GCC_WARN_64_TO_32_BIT_CONVERSION = YES;
				GCC_WARN_ABOUT_RETURN_TYPE = YES_ERROR;
				GCC_WARN_UNDECLARED_SELECTOR = YES;
				GCC_WARN_UNINITIALIZED_AUTOS = YES_AGGRESSIVE;
				GCC_WARN_UNUSED_FUNCTION = YES;
				GCC_WARN_UNUSED_VARIABLE = YES;
				IPHONEOS_DEPLOYMENT_TARGET = 17.0;
				LOCALIZATION_PREFERS_STRING_CATALOGS = YES;
				MTL_ENABLE_DEBUG_INFO = INCLUDE_SOURCE;
				MTL_FAST_MATH = YES;
				ONLY_ACTIVE_ARCH = YES;
				SDKROOT = iphoneos;
				STRING_CATALOG_GENERATE_SYMBOLS = YES;
				SWIFT_ACTIVE_COMPILATION_CONDITIONS = "$(inherited) DEBUG";
				SWIFT_OPTIMIZATION_LEVEL = "-Onone";
			};
			name = Debug;
		};
		A90004 /* Release */ = {
			isa = XCBuildConfiguration;
			buildSettings = {
				ALWAYS_SEARCH_USER_PATHS = NO;
				ASSETCATALOG_COMPILER_GENERATE_SWIFT_ASSET_SYMBOL_EXTENSIONS = YES;
				CLANG_ANALYZER_NONNULL = YES;
				CLANG_ANALYZER_NUMBER_OBJECT_CONVERSION = YES_AGGRESSIVE;
				CLANG_CXX_LANGUAGE_STANDARD = "gnu++20";
				CLANG_ENABLE_MODULES = YES;
				CLANG_ENABLE_OBJC_ARC = YES;
				CLANG_ENABLE_OBJC_WEAK = YES;
				CLANG_WARN_BLOCK_CAPTURE_AUTORELEASING = YES;
				CLANG_WARN_BOOL_CONVERSION = YES;
				CLANG_WARN_COMMA = YES;
				CLANG_WARN_CONSTANT_CONVERSION = YES;
				CLANG_WARN_DEPRECATED_OBJC_IMPLEMENTATIONS = YES;
				CLANG_WARN_DIRECT_OBJC_ISA_USAGE = YES_ERROR;
				CLANG_WARN_DOCUMENTATION_COMMENTS = YES;
				CLANG_WARN_EMPTY_BODY = YES;
				CLANG_WARN_ENUM_CONVERSION = YES;
				CLANG_WARN_INFINITE_RECURSION = YES;
				CLANG_WARN_INT_CONVERSION = YES;
				CLANG_WARN_NON_LITERAL_NULL_CONVERSION = YES;
				CLANG_WARN_OBJC_IMPLICIT_RETAIN_SELF = YES;
				CLANG_WARN_OBJC_LITERAL_CONVERSION = YES;
				CLANG_WARN_OBJC_ROOT_CLASS = YES_ERROR;
				CLANG_WARN_QUOTED_INCLUDE_IN_FRAMEWORK_HEADER = YES;
				CLANG_WARN_RANGE_LOOP_ANALYSIS = YES;
				CLANG_WARN_STRICT_PROTOTYPES = YES;
				CLANG_WARN_SUSPICIOUS_MOVE = YES;
				CLANG_WARN_UNGUARDED_AVAILABILITY = YES_AGGRESSIVE;
				CLANG_WARN_UNREACHABLE_CODE = YES;
				CLANG_WARN__DUPLICATE_METHOD_MATCH = YES;
				COPY_PHASE_STRIP = NO;
				DEBUG_INFORMATION_FORMAT = "dwarf-with-dsym";
				DEVELOPMENT_TEAM = 9FF8U5M339;
				ENABLE_NS_ASSERTIONS = NO;
				ENABLE_STRICT_OBJC_MSGSEND = YES;
				ENABLE_USER_SCRIPT_SANDBOXING = YES;
				GCC_C_LANGUAGE_STANDARD = gnu17;
				GCC_NO_COMMON_BLOCKS = YES;
				GCC_WARN_64_TO_32_BIT_CONVERSION = YES;
				GCC_WARN_ABOUT_RETURN_TYPE = YES_ERROR;
				GCC_WARN_UNDECLARED_SELECTOR = YES;
				GCC_WARN_UNINITIALIZED_AUTOS = YES_AGGRESSIVE;
				GCC_WARN_UNUSED_FUNCTION = YES;
				GCC_WARN_UNUSED_VARIABLE = YES;
				IPHONEOS_DEPLOYMENT_TARGET = 17.0;
				LOCALIZATION_PREFERS_STRING_CATALOGS = YES;
				MTL_FAST_MATH = YES;
				SDKROOT = iphoneos;
				STRING_CATALOG_GENERATE_SYMBOLS = YES;
				SWIFT_COMPILATION_MODE = wholemodule;
				VALIDATE_PRODUCT = YES;
			};
			name = Release;
		};
/* End XCBuildConfiguration section */

/* Begin XCConfigurationList section */
		A80001 /* Build configuration list for PBXNativeTarget "Axis" */ = {
			isa = XCConfigurationList;
			buildConfigurations = (
				A90001 /* Debug */,
				A90002 /* Release */,
			);
			defaultConfigurationIsVisible = 0;
			defaultConfigurationName = Release;
		};
		A80003 /* Build configuration list for PBXProject "Axis" */ = {
			isa = XCConfigurationList;
			buildConfigurations = (
				A90003 /* Debug */,
				A90004 /* Release */,
			);
			defaultConfigurationIsVisible = 0;
			defaultConfigurationName = Release;
		};
/* End XCConfigurationList section */

/* Begin XCRemoteSwiftPackageReference section */
		B00001 /* XCRemoteSwiftPackageReference "clerk-ios" */ = {
			isa = XCRemoteSwiftPackageReference;
			repositoryURL = "https://github.com/clerk/clerk-ios";
			requirement = {
				kind = upToNextMajorVersion;
				minimumVersion = 1.0.0;
			};
		};
/* End XCRemoteSwiftPackageReference section */

/* Begin XCSwiftPackageProductDependency section */
		B10001 /* ClerkKit */ = {
			isa = XCSwiftPackageProductDependency;
			package = B00001 /* XCRemoteSwiftPackageReference "clerk-ios" */;
			productName = ClerkKit;
		};
/* End XCSwiftPackageProductDependency section */
	};
	rootObject = A00001 /* Project object */;
}
